
Microsoft Visual Studio Solution File, Format Version 12.00
# Visual Studio Version 17
VisualStudioVersion = 17.11.35312.102
MinimumVisualStudioVersion = 10.0.40219.1
Project("{FAE04EC0-301F-11D3-BF4B-00C04F79EFBC}") = "MPZ2", "MPZ2\MPZ2.csproj", "{725AE2BC-DB81-4B1E-8D01-0882A2856D8F}"
EndProject
Global
	GlobalSection(SolutionConfigurationPlatforms) = preSolution
		Debug|Any CPU = Debug|Any CPU
		Release|Any CPU = Release|Any CPU
	EndGlobalSection
	GlobalSection(ProjectConfigurationPlatforms) = postSolution
		{725AE2BC-DB81-4B1E-8D01-0882A2856D8F}.Debug|Any CPU.ActiveCfg = Debug|Any CPU
		{725AE2BC-DB81-4B1E-8D01-0882A2856D8F}.Debug|Any CPU.Build.0 = Debug|Any CPU
		{725AE2BC-DB81-4B1E-8D01-0882A2856D8F}.Release|Any CPU.ActiveCfg = Release|Any CPU
		{725AE2BC-DB81-4B1E-8D01-0882A2856D8F}.Release|Any CPU.Build.0 = Release|Any CPU
	EndGlobalSection
	GlobalSection(SolutionProperties) = preSolution
		HideSolutionNode = FALSE
	EndGlobalSection
	GlobalSection(ExtensibilityGlobals) = postSolution
		SolutionGuid = {42E35FDC-F962-4E3E-AB4A-4C63F04C6E2B}
	EndGlobalSection
EndGlobal
